
Microsoft Visual Studio Solution File, Format Version 12.00
# Visual Studio Version 16
VisualStudioVersion = 16.0.31702.278
MinimumVisualStudioVersion = 10.0.40219.1
Project("{FAE04EC0-301F-11D3-BF4B-00C04F79EFBC}") = "CSharpSandbox", "CSharpSandbox\CSharpSandbox.csproj", "{A5E57E2B-B3C1-44E5-A291-D04D6F6B0D1F}"
EndProject
Project("{FAE04EC0-301F-11D3-BF4B-00C04F79EFBC}") = "HW2_CSharp", "HW2_CSharp\HW2_CSharp.csproj", "{8ADA7DDD-8049-4B1A-A048-5BACAC071D24}"
EndProject
Project("{FAE04EC0-301F-11D3-BF4B-00C04F79EFBC}") = "HW3_CSharp", "HW3_CSharp\HW3_CSharp.csproj", "{53BDB153-5454-4B40-B9EE-94EC28EFD1B8}"
EndProject
Project("{FAE04EC0-301F-11D3-BF4B-00C04F79EFBC}") = "HW4_CSharp", "HW4_CSharp\HW4_CSharp.csproj", "{45CAABA1-5946-44B0-8331-7DB2329ADC03}"
EndProject
Project("{FAE04EC0-301F-11D3-BF4B-00C04F79EFBC}") = "HW5_CSharp", "HW5_CSharp\HW5_CSharp.csproj", "{DE01EB4C-F962-4544-BD2E-A28932B93E61}"
EndProject
Project("{FAE04EC0-301F-11D3-BF4B-00C04F79EFBC}") = "HW6_CSharp", "HW6\HW6_CSharp.csproj", "{B589ACED-ACAD-4FE1-8108-46F5E5167805}"
EndProject
Project("{9A19103F-16F7-4668-BE54-9A1E7A4F7556}") = "HW7_CSharp", "HW7_CSharp\HW7_CSharp.csproj", "{172FDC77-8FAE-497B-A682-4134B994149E}"
EndProject
Project("{9A19103F-16F7-4668-BE54-9A1E7A4F7556}") = "HW8_CSharp", "HW8_CSharp\HW8_CSharp.csproj", "{25CCB55B-5289-4DF5-BF0F-F7FDFB62A0B4}"
EndProject
Project("{9A19103F-16F7-4668-BE54-9A1E7A4F7556}") = "CW_20211212", "CW_20211212\CW_20211212.csproj", "{F21D451C-6423-4180-8AFA-10180DC46CAD}"
EndProject
Project("{9A19103F-16F7-4668-BE54-9A1E7A4F7556}") = "HW9_CSharp", "HW9_CSharp\HW9_CSharp.csproj", "{AB86C45C-DA3F-4528-B348-E5ECB23E53FE}"
EndProject
Project("{9A19103F-16F7-4668-BE54-9A1E7A4F7556}") = "CW_20211219", "CW_20211219\CW_20211219.csproj", "{D414B0FD-7DAE-4637-9A30-A04770FB8729}"
EndProject
Project("{FAE04EC0-301F-11D3-BF4B-00C04F79EFBC}") = "CW_20211226", "CW_20211226\CW_20211226.csproj", "{EC4783EB-3685-483F-9D75-B8D15D1F1AA9}"
EndProject
Project("{FAE04EC0-301F-11D3-BF4B-00C04F79EFBC}") = "HW12_CSharp", "HW12_CSharp\HW12_CSharp.csproj", "{ACE6745D-9B92-483C-BD07-47942548A1A2}"
EndProject
Global
	GlobalSection(SolutionConfigurationPlatforms) = preSolution
		Debug|Any CPU = Debug|Any CPU
		Release|Any CPU = Release|Any CPU
	EndGlobalSection
	GlobalSection(ProjectConfigurationPlatforms) = postSolution
		{A5E57E2B-B3C1-44E5-A291-D04D6F6B0D1F}.Debug|Any CPU.ActiveCfg = Debug|Any CPU
		{A5E57E2B-B3C1-44E5-A291-D04D6F6B0D1F}.Debug|Any CPU.Build.0 = Debug|Any CPU
		{A5E57E2B-B3C1-44E5-A291-D04D6F6B0D1F}.Release|Any CPU.ActiveCfg = Release|Any CPU
		{A5E57E2B-B3C1-44E5-A291-D04D6F6B0D1F}.Release|Any CPU.Build.0 = Release|Any CPU
		{8ADA7DDD-8049-4B1A-A048-5BACAC071D24}.Debug|Any CPU.ActiveCfg = Debug|Any CPU
		{8ADA7DDD-8049-4B1A-A048-5BACAC071D24}.Debug|Any CPU.Build.0 = Debug|Any CPU
		{8ADA7DDD-8049-4B1A-A048-5BACAC071D24}.Release|Any CPU.ActiveCfg = Release|Any CPU
		{8ADA7DDD-8049-4B1A-A048-5BACAC071D24}.Release|Any CPU.Build.0 = Release|Any CPU
		{53BDB153-5454-4B40-B9EE-94EC28EFD1B8}.Debug|Any CPU.ActiveCfg = Debug|Any CPU
		{53BDB153-5454-4B40-B9EE-94EC28EFD1B8}.Debug|Any CPU.Build.0 = Debug|Any CPU
		{53BDB153-5454-4B40-B9EE-94EC28EFD1B8}.Release|Any CPU.ActiveCfg = Release|Any CPU
		{53BDB153-5454-4B40-B9EE-94EC28EFD1B8}.Release|Any CPU.Build.0 = Release|Any CPU
		{45CAABA1-5946-44B0-8331-7DB2329ADC03}.Debug|Any CPU.ActiveCfg = Debug|Any CPU
		{45CAABA1-5946-44B0-8331-7DB2329ADC03}.Debug|Any CPU.Build.0 = Debug|Any CPU
		{45CAABA1-5946-44B0-8331-7DB2329ADC03}.Release|Any CPU.ActiveCfg = Release|Any CPU
		{45CAABA1-5946-44B0-8331-7DB2329ADC03}.Release|Any CPU.Build.0 = Release|Any CPU
		{DE01EB4C-F962-4544-BD2E-A28932B93E61}.Debug|Any CPU.ActiveCfg = Debug|Any CPU
		{DE01EB4C-F962-4544-BD2E-A28932B93E61}.Debug|Any CPU.Build.0 = Debug|Any CPU
		{DE01EB4C-F962-4544-BD2E-A28932B93E61}.Release|Any CPU.ActiveCfg = Release|Any CPU
		{DE01EB4C-F962-4544-BD2E-A28932B93E61}.Release|Any CPU.Build.0 = Release|Any CPU
		{B589ACED-ACAD-4FE1-8108-46F5E5167805}.Debug|Any CPU.ActiveCfg = Debug|Any CPU
		{B589ACED-ACAD-4FE1-8108-46F5E5167805}.Debug|Any CPU.Build.0 = Debug|Any CPU
		{B589ACED-ACAD-4FE1-8108-46F5E5167805}.Release|Any CPU.ActiveCfg = Release|Any CPU
		{B589ACED-ACAD-4FE1-8108-46F5E5167805}.Release|Any CPU.Build.0 = Release|Any CPU
		{172FDC77-8FAE-497B-A682-4134B994149E}.Debug|Any CPU.ActiveCfg = Debug|Any CPU
		{172FDC77-8FAE-497B-A682-4134B994149E}.Debug|Any CPU.Build.0 = Debug|Any CPU
		{172FDC77-8FAE-497B-A682-4134B994149E}.Release|Any CPU.ActiveCfg = Release|Any CPU
		{172FDC77-8FAE-497B-A682-4134B994149E}.Release|Any CPU.Build.0 = Release|Any CPU
		{25CCB55B-5289-4DF5-BF0F-F7FDFB62A0B4}.Debug|Any CPU.ActiveCfg = Debug|Any CPU
		{25CCB55B-5289-4DF5-BF0F-F7FDFB62A0B4}.Debug|Any CPU.Build.0 = Debug|Any CPU
		{25CCB55B-5289-4DF5-BF0F-F7FDFB62A0B4}.Release|Any CPU.ActiveCfg = Release|Any CPU
		{25CCB55B-5289-4DF5-BF0F-F7FDFB62A0B4}.Release|Any CPU.Build.0 = Release|Any CPU
		{F21D451C-6423-4180-8AFA-10180DC46CAD}.Debug|Any CPU.ActiveCfg = Debug|Any CPU
		{F21D451C-6423-4180-8AFA-10180DC46CAD}.Debug|Any CPU.Build.0 = Debug|Any CPU
		{F21D451C-6423-4180-8AFA-10180DC46CAD}.Release|Any CPU.ActiveCfg = Release|Any CPU
		{F21D451C-6423-4180-8AFA-10180DC46CAD}.Release|Any CPU.Build.0 = Release|Any CPU
		{AB86C45C-DA3F-4528-B348-E5ECB23E53FE}.Debug|Any CPU.ActiveCfg = Debug|Any CPU
		{AB86C45C-DA3F-4528-B348-E5ECB23E53FE}.Debug|Any CPU.Build.0 = Debug|Any CPU
		{AB86C45C-DA3F-4528-B348-E5ECB23E53FE}.Release|Any CPU.ActiveCfg = Release|Any CPU
		{AB86C45C-DA3F-4528-B348-E5ECB23E53FE}.Release|Any CPU.Build.0 = Release|Any CPU
		{D414B0FD-7DAE-4637-9A30-A04770FB8729}.Debug|Any CPU.ActiveCfg = Debug|Any CPU
		{D414B0FD-7DAE-4637-9A30-A04770FB8729}.Debug|Any CPU.Build.0 = Debug|Any CPU
		{D414B0FD-7DAE-4637-9A30-A04770FB8729}.Release|Any CPU.ActiveCfg = Release|Any CPU
		{D414B0FD-7DAE-4637-9A30-A04770FB8729}.Release|Any CPU.Build.0 = Release|Any CPU
		{EC4783EB-3685-483F-9D75-B8D15D1F1AA9}.Debug|Any CPU.ActiveCfg = Debug|Any CPU
		{EC4783EB-3685-483F-9D75-B8D15D1F1AA9}.Debug|Any CPU.Build.0 = Debug|Any CPU
		{EC4783EB-3685-483F-9D75-B8D15D1F1AA9}.Release|Any CPU.ActiveCfg = Release|Any CPU
		{EC4783EB-3685-483F-9D75-B8D15D1F1AA9}.Release|Any CPU.Build.0 = Release|Any CPU
		{ACE6745D-9B92-483C-BD07-47942548A1A2}.Debug|Any CPU.ActiveCfg = Debug|Any CPU
		{ACE6745D-9B92-483C-BD07-47942548A1A2}.Debug|Any CPU.Build.0 = Debug|Any CPU
		{ACE6745D-9B92-483C-BD07-47942548A1A2}.Release|Any CPU.ActiveCfg = Release|Any CPU
		{ACE6745D-9B92-483C-BD07-47942548A1A2}.Release|Any CPU.Build.0 = Release|Any CPU
	EndGlobalSection
	GlobalSection(SolutionProperties) = preSolution
		HideSolutionNode = FALSE
	EndGlobalSection
	GlobalSection(ExtensibilityGlobals) = postSolution
		SolutionGuid = {347FBC2F-3E87-4057-8501-FD8C9B9C205E}
	EndGlobalSection
EndGlobal
